
Microsoft Visual Studio Solution File, Format Version 12.00
# Visual Studio Version 17
VisualStudioVersion = 17.11.35312.102
MinimumVisualStudioVersion = 10.0.40219.1
Project("{9A19103F-16F7-4668-BE54-9A1E7A4F7556}") = "PRK.BT.PasswordSafe.SDK", "PRK.BT.PasswordSafe.SDK.csproj", "{31B28BCE-C4FE-4E2E-82D0-E3DF98B5EC70}"
EndProject
Project("{FAE04EC0-301F-11D3-BF4B-00C04F79EFBC}") = "BT.PasswordSafe.SDK.TestApp", "BT.PasswordSafe.SDK.TestApp\BT.PasswordSafe.SDK.TestApp.csproj", "{5728D40F-B4DD-42FD-92C9-F1831E29FFC4}"
EndProject
Global
	GlobalSection(SolutionConfigurationPlatforms) = preSolution
		Debug|Any CPU = Debug|Any CPU
		Release|Any CPU = Release|Any CPU
	EndGlobalSection
	GlobalSection(ProjectConfigurationPlatforms) = postSolution
		{31B28BCE-C4FE-4E2E-82D0-E3DF98B5EC70}.Debug|Any CPU.ActiveCfg = Debug|Any CPU
		{31B28BCE-C4FE-4E2E-82D0-E3DF98B5EC70}.Debug|Any CPU.Build.0 = Debug|Any CPU
		{31B28BCE-C4FE-4E2E-82D0-E3DF98B5EC70}.Release|Any CPU.ActiveCfg = Release|Any CPU
		{31B28BCE-C4FE-4E2E-82D0-E3DF98B5EC70}.Release|Any CPU.Build.0 = Release|Any CPU
		{5728D40F-B4DD-42FD-92C9-F1831E29FFC4}.Debug|Any CPU.ActiveCfg = Debug|Any CPU
		{5728D40F-B4DD-42FD-92C9-F1831E29FFC4}.Debug|Any CPU.Build.0 = Debug|Any CPU
		{5728D40F-B4DD-42FD-92C9-F1831E29FFC4}.Release|Any CPU.ActiveCfg = Release|Any CPU
		{5728D40F-B4DD-42FD-92C9-F1831E29FFC4}.Release|Any CPU.Build.0 = Release|Any CPU
	EndGlobalSection
	GlobalSection(SolutionProperties) = preSolution
		HideSolutionNode = FALSE
	EndGlobalSection
	GlobalSection(ExtensibilityGlobals) = postSolution
		SolutionGuid = {9A1C3B3C-3500-4F30-B9E4-F9576B265298}
	EndGlobalSection
EndGlobal
